
Microsoft Visual Studio Solution File, Format Version 12.00
# Visual Studio Version 17
VisualStudioVersion = 17.1.32210.238
MinimumVisualStudioVersion = 10.0.40219.1
Project("{9A19103F-16F7-4668-BE54-9A1E7A4F7556}") = "El3edda", "El3edda\El3edda.csproj", "{A2587AF3-36B0-4303-AC48-59974D669994}"
EndProject
Project("{9A19103F-16F7-4668-BE54-9A1E7A4F7556}") = "OrderConfirmationEmailAPI", "OrderConfirmationEmailAPI\OrderConfirmationEmailAPI.csproj", "{D4D6E01B-8146-48ED-B053-9779D700E2EE}"
EndProject
Global
	GlobalSection(SolutionConfigurationPlatforms) = preSolution
		Debug|Any CPU = Debug|Any CPU
		Release|Any CPU = Release|Any CPU
	EndGlobalSection
	GlobalSection(ProjectConfigurationPlatforms) = postSolution
		{A2587AF3-36B0-4303-AC48-59974D669994}.Debug|Any CPU.ActiveCfg = Debug|Any CPU
		{A2587AF3-36B0-4303-AC48-59974D669994}.Debug|Any CPU.Build.0 = Debug|Any CPU
		{A2587AF3-36B0-4303-AC48-59974D669994}.Release|Any CPU.ActiveCfg = Release|Any CPU
		{A2587AF3-36B0-4303-AC48-59974D669994}.Release|Any CPU.Build.0 = Release|Any CPU
		{D4D6E01B-8146-48ED-B053-9779D700E2EE}.Debug|Any CPU.ActiveCfg = Debug|Any CPU
		{D4D6E01B-8146-48ED-B053-9779D700E2EE}.Debug|Any CPU.Build.0 = Debug|Any CPU
		{D4D6E01B-8146-48ED-B053-9779D700E2EE}.Release|Any CPU.ActiveCfg = Release|Any CPU
		{D4D6E01B-8146-48ED-B053-9779D700E2EE}.Release|Any CPU.Build.0 = Release|Any CPU
	EndGlobalSection
	GlobalSection(SolutionProperties) = preSolution
		HideSolutionNode = FALSE
	EndGlobalSection
	GlobalSection(ExtensibilityGlobals) = postSolution
		SolutionGuid = {425C0928-674F-4990-92B5-6732285DE0CF}
	EndGlobalSection
EndGlobal
